
Microsoft Visual Studio Solution File, Format Version 12.00
# Visual Studio Version 16
VisualStudioVersion = 16.0.31205.134
MinimumVisualStudioVersion = 10.0.40219.1
Project("{FAE04EC0-301F-11D3-BF4B-00C04F79EFBC}") = "Libros", "Libros.csproj", "{B8F43B9D-D73D-46D7-AB88-DC2575EA5B0E}"
EndProject
Project("{FAE04EC0-301F-11D3-BF4B-00C04F79EFBC}") = "winHamburguesa", "..\..\Apps\slnHamburguesa XSLT\winHamburguesa\winHamburguesa.csproj", "{76E670CA-CDA7-4CBF-8D59-497900C9A32A}"
EndProject
Project("{FAE04EC0-301F-11D3-BF4B-00C04F79EFBC}") = "Archivos", "..\..\Apps\EjemploArchivos\Archivos\Archivos.csproj", "{C67095C6-71C0-4297-A3E0-BEC8B29F83DC}"
EndProject
Global
	GlobalSection(SolutionConfigurationPlatforms) = preSolution
		Debug|Any CPU = Debug|Any CPU
		Release|Any CPU = Release|Any CPU
	EndGlobalSection
	GlobalSection(ProjectConfigurationPlatforms) = postSolution
		{B8F43B9D-D73D-46D7-AB88-DC2575EA5B0E}.Debug|Any CPU.ActiveCfg = Debug|Any CPU
		{B8F43B9D-D73D-46D7-AB88-DC2575EA5B0E}.Debug|Any CPU.Build.0 = Debug|Any CPU
		{B8F43B9D-D73D-46D7-AB88-DC2575EA5B0E}.Release|Any CPU.ActiveCfg = Release|Any CPU
		{B8F43B9D-D73D-46D7-AB88-DC2575EA5B0E}.Release|Any CPU.Build.0 = Release|Any CPU
		{76E670CA-CDA7-4CBF-8D59-497900C9A32A}.Debug|Any CPU.ActiveCfg = Debug|Any CPU
		{76E670CA-CDA7-4CBF-8D59-497900C9A32A}.Debug|Any CPU.Build.0 = Debug|Any CPU
		{76E670CA-CDA7-4CBF-8D59-497900C9A32A}.Release|Any CPU.ActiveCfg = Release|Any CPU
		{76E670CA-CDA7-4CBF-8D59-497900C9A32A}.Release|Any CPU.Build.0 = Release|Any CPU
		{C67095C6-71C0-4297-A3E0-BEC8B29F83DC}.Debug|Any CPU.ActiveCfg = Debug|Any CPU
		{C67095C6-71C0-4297-A3E0-BEC8B29F83DC}.Debug|Any CPU.Build.0 = Debug|Any CPU
		{C67095C6-71C0-4297-A3E0-BEC8B29F83DC}.Release|Any CPU.ActiveCfg = Release|Any CPU
		{C67095C6-71C0-4297-A3E0-BEC8B29F83DC}.Release|Any CPU.Build.0 = Release|Any CPU
	EndGlobalSection
	GlobalSection(SolutionProperties) = preSolution
		HideSolutionNode = FALSE
	EndGlobalSection
	GlobalSection(ExtensibilityGlobals) = postSolution
		SolutionGuid = {B7E7CEDC-08D7-476B-904F-9511A4D95235}
	EndGlobalSection
EndGlobal
